
Microsoft Visual Studio Solution File, Format Version 12.00
# Visual Studio Version 17
VisualStudioVersion = 17.14.36915.13 d17.14
MinimumVisualStudioVersion = 10.0.40219.1
Project("{FAE04EC0-301F-11D3-BF4B-00C04F79EFBC}") = "NotasOracleWinForms", "NotasOracleWinForms.csproj", "{EC53F0B1-5DE3-43F7-BAA2-0BF89FF54B7B}"
EndProject
Global
	GlobalSection(SolutionConfigurationPlatforms) = preSolution
		Debug|Any CPU = Debug|Any CPU
		Release|Any CPU = Release|Any CPU
	EndGlobalSection
	GlobalSection(ProjectConfigurationPlatforms) = postSolution
		{EC53F0B1-5DE3-43F7-BAA2-0BF89FF54B7B}.Debug|Any CPU.ActiveCfg = Debug|Any CPU
		{EC53F0B1-5DE3-43F7-BAA2-0BF89FF54B7B}.Debug|Any CPU.Build.0 = Debug|Any CPU
		{EC53F0B1-5DE3-43F7-BAA2-0BF89FF54B7B}.Release|Any CPU.ActiveCfg = Release|Any CPU
		{EC53F0B1-5DE3-43F7-BAA2-0BF89FF54B7B}.Release|Any CPU.Build.0 = Release|Any CPU
	EndGlobalSection
	GlobalSection(SolutionProperties) = preSolution
		HideSolutionNode = FALSE
	EndGlobalSection
	GlobalSection(ExtensibilityGlobals) = postSolution
		SolutionGuid = {81FDEA9C-829D-45CC-B04F-CB9424AC7B70}
	EndGlobalSection
EndGlobal
